// !$*UTF8*$!
{
	archiveVersion = 1;
	classes = {
	};
	objectVersion = 48;
	objects = {

/* Begin PBXBuildFile section */
		0475F86820519F9A005E3D86 /* AppDelegate.swift in Sources */ = {isa = PBXBuildFile; fileRef = 0475F86720519F9A005E3D86 /* AppDelegate.swift */; };
		0475F86A20519F9A005E3D86 /* ViewController.swift in Sources */ = {isa = PBXBuildFile; fileRef = 0475F86920519F9A005E3D86 /* ViewController.swift */; };
		0475F86D20519F9A005E3D86 /* Main.storyboard in Resources */ = {isa = PBXBuildFile; fileRef = 0475F86B20519F9A005E3D86 /* Main.storyboard */; };
		0475F86F20519F9A005E3D86 /* Assets.xcassets in Resources */ = {isa = PBXBuildFile; fileRef = 0475F86E20519F9A005E3D86 /* Assets.xcassets */; };
		0475F87220519F9A005E3D86 /* LaunchScreen.storyboard in Resources */ = {isa = PBXBuildFile; fileRef = 0475F87020519F9A005E3D86 /* LaunchScreen.storyboard */; };
		0475F87A2051A9EB005E3D86 /* MobileCoreServices.framework in Frameworks */ = {isa = PBXBuildFile; fileRef = 0475F8792051A9EB005E3D86 /* MobileCoreServices.framework */; };
		0475F87C2051AA48005E3D86 /* SystemConfiguration.framework in Frameworks */ = {isa = PBXBuildFile; fileRef = 0475F87B2051AA48005E3D86 /* SystemConfiguration.framework */; };
		0475F87E2051AA5C005E3D86 /* StoreKit.framework in Frameworks */ = {isa = PBXBuildFile; fileRef = 0475F87D2051AA5C005E3D86 /* StoreKit.framework */; };
		0475F8802051AA66005E3D86 /* MessageUI.framework in Frameworks */ = {isa = PBXBuildFile; fileRef = 0475F87F2051AA66005E3D86 /* MessageUI.framework */; };
		0475F8822051AA71005E3D86 /* CoreMedia.framework in Frameworks */ = {isa = PBXBuildFile; fileRef = 0475F8812051AA71005E3D86 /* CoreMedia.framework */; };
		0475F8842051AA78005E3D86 /* CoreTelephony.framework in Frameworks */ = {isa = PBXBuildFile; fileRef = 0475F8832051AA78005E3D86 /* CoreTelephony.framework */; };
		0475F8862051AA82005E3D86 /* CoreGraphics.framework in Frameworks */ = {isa = PBXBuildFile; fileRef = 0475F8852051AA82005E3D86 /* CoreGraphics.framework */; };
		0475F8882051AA8E005E3D86 /* AudioToolbox.framework in Frameworks */ = {isa = PBXBuildFile; fileRef = 0475F8872051AA8E005E3D86 /* AudioToolbox.framework */; };
		0475F88A2051AA9B005E3D86 /* AdSupport.framework in Frameworks */ = {isa = PBXBuildFile; fileRef = 0475F8892051AA9B005E3D86 /* AdSupport.framework */; };
		0475F88C2051AAA6005E3D86 /* AVFoundation.framework in Frameworks */ = {isa = PBXBuildFile; fileRef = 0475F88B2051AAA6005E3D86 /* AVFoundation.framework */; };
		0475F88F2051AAB1005E3D86 /* EventKit.framework in Frameworks */ = {isa = PBXBuildFile; fileRef = 0475F88D2051AAB1005E3D86 /* EventKit.framework */; };
		0475F8902051AAB1005E3D86 /* EventKitUI.framework in Frameworks */ = {isa = PBXBuildFile; fileRef = 0475F88E2051AAB1005E3D86 /* EventKitUI.framework */; };
		CEBC922AC36538BA3AD761FD /* Pods_GoogleAdmob_Swift4.framework in Frameworks */ = {isa = PBXBuildFile; fileRef = D7520EFE81C113FED16A0CBB /* Pods_GoogleAdmob_Swift4.framework */; };
/* End PBXBuildFile section */

/* Begin PBXFileReference section */
		0475F86420519F9A005E3D86 /* GoogleAdmob-Swift4.app */ = {isa = PBXFileReference; explicitFileType = wrapper.application; includeInIndex = 0; path = "GoogleAdmob-Swift4.app"; sourceTree = BUILT_PRODUCTS_DIR; };
		0475F86720519F9A005E3D86 /* AppDelegate.swift */ = {isa = PBXFileReference; lastKnownFileType = sourcecode.swift; path = AppDelegate.swift; sourceTree = "<group>"; };
		0475F86920519F9A005E3D86 /* ViewController.swift */ = {isa = PBXFileReference; lastKnownFileType = sourcecode.swift; path = ViewController.swift; sourceTree = "<group>"; };
		0475F86C20519F9A005E3D86 /* Base */ = {isa = PBXFileReference; lastKnownFileType = file.storyboard; name = Base; path = Base.lproj/Main.storyboard; sourceTree = "<group>"; };
		0475F86E20519F9A005E3D86 /* Assets.xcassets */ = {isa = PBXFileReference; lastKnownFileType = folder.assetcatalog; path = Assets.xcassets; sourceTree = "<group>"; };
		0475F87120519F9A005E3D86 /* Base */ = {isa = PBXFileReference; lastKnownFileType = file.storyboard; name = Base; path = Base.lproj/LaunchScreen.storyboard; sourceTree = "<group>"; };
		0475F87320519F9A005E3D86 /* Info.plist */ = {isa = PBXFileReference; lastKnownFileType = text.plist.xml; path = Info.plist; sourceTree = "<group>"; };
		0475F8792051A9EB005E3D86 /* MobileCoreServices.framework */ = {isa = PBXFileReference; lastKnownFileType = wrapper.framework; name = MobileCoreServices.framework; path = System/Library/Frameworks/MobileCoreServices.framework; sourceTree = SDKROOT; };
		0475F87B2051AA48005E3D86 /* SystemConfiguration.framework */ = {isa = PBXFileReference; lastKnownFileType = wrapper.framework; name = SystemConfiguration.framework; path = System/Library/Frameworks/SystemConfiguration.framework; sourceTree = SDKROOT; };
		0475F87D2051AA5C005E3D86 /* StoreKit.framework */ = {isa = PBXFileReference; lastKnownFileType = wrapper.framework; name = StoreKit.framework; path = System/Library/Frameworks/StoreKit.framework; sourceTree = SDKROOT; };
		0475F87F2051AA66005E3D86 /* MessageUI.framework */ = {isa = PBXFileReference; lastKnownFileType = wrapper.framework; name = MessageUI.framework; path = System/Library/Frameworks/MessageUI.framework; sourceTree = SDKROOT; };
		0475F8812051AA71005E3D86 /* CoreMedia.framework */ = {isa = PBXFileReference; lastKnownFileType = wrapper.framework; name = CoreMedia.framework; path = System/Library/Frameworks/CoreMedia.framework; sourceTree = SDKROOT; };
		0475F8832051AA78005E3D86 /* CoreTelephony.framework */ = {isa = PBXFileReference; lastKnownFileType = wrapper.framework; name = CoreTelephony.framework; path = System/Library/Frameworks/CoreTelephony.framework; sourceTree = SDKROOT; };
		0475F8852051AA82005E3D86 /* CoreGraphics.framework */ = {isa = PBXFileReference; lastKnownFileType = wrapper.framework; name = CoreGraphics.framework; path = System/Library/Frameworks/CoreGraphics.framework; sourceTree = SDKROOT; };
		0475F8872051AA8E005E3D86 /* AudioToolbox.framework */ = {isa = PBXFileReference; lastKnownFileType = wrapper.framework; name = AudioToolbox.framework; path = System/Library/Frameworks/AudioToolbox.framework; sourceTree = SDKROOT; };
		0475F8892051AA9B005E3D86 /* AdSupport.framework */ = {isa = PBXFileReference; lastKnownFileType = wrapper.framework; name = AdSupport.framework; path = System/Library/Frameworks/AdSupport.framework; sourceTree = SDKROOT; };
		0475F88B2051AAA6005E3D86 /* AVFoundation.framework */ = {isa = PBXFileReference; lastKnownFileType = wrapper.framework; name = AVFoundation.framework; path = System/Library/Frameworks/AVFoundation.framework; sourceTree = SDKROOT; };
		0475F88D2051AAB1005E3D86 /* EventKit.framework */ = {isa = PBXFileReference; lastKnownFileType = wrapper.framework; name = EventKit.framework; path = System/Library/Frameworks/EventKit.framework; sourceTree = SDKROOT; };
		0475F88E2051AAB1005E3D86 /* EventKitUI.framework */ = {isa = PBXFileReference; lastKnownFileType = wrapper.framework; name = EventKitUI.framework; path = System/Library/Frameworks/EventKitUI.framework; sourceTree = SDKROOT; };
		9AA6C84C76FD0E9F2905FF27 /* Pods-GoogleAdmob-Swift4.release.xcconfig */ = {isa = PBXFileReference; includeInIndex = 1; lastKnownFileType = text.xcconfig; name = "Pods-GoogleAdmob-Swift4.release.xcconfig"; path = "Pods/Target Support Files/Pods-GoogleAdmob-Swift4/Pods-GoogleAdmob-Swift4.release.xcconfig"; sourceTree = "<group>"; };
		A7B995C311705217E46E7956 /* Pods-GoogleAdmob-Swift4.debug.xcconfig */ = {isa = PBXFileReference; includeInIndex = 1; lastKnownFileType = text.xcconfig; name = "Pods-GoogleAdmob-Swift4.debug.xcconfig"; path = "Pods/Target Support Files/Pods-GoogleAdmob-Swift4/Pods-GoogleAdmob-Swift4.debug.xcconfig"; sourceTree = "<group>"; };
		D7520EFE81C113FED16A0CBB /* Pods_GoogleAdmob_Swift4.framework */ = {isa = PBXFileReference; explicitFileType = wrapper.framework; includeInIndex = 0; path = Pods_GoogleAdmob_Swift4.framework; sourceTree = BUILT_PRODUCTS_DIR; };
/* End PBXFileReference section */

/* Begin PBXFrameworksBuildPhase section */
		0475F86120519F9A005E3D86 /* Frameworks */ = {
			isa = PBXFrameworksBuildPhase;
			buildActionMask = 2147483647;
			files = (
				0475F88F2051AAB1005E3D86 /* EventKit.framework in Frameworks */,
				0475F8902051AAB1005E3D86 /* EventKitUI.framework in Frameworks */,
				0475F88C2051AAA6005E3D86 /* AVFoundation.framework in Frameworks */,
				0475F88A2051AA9B005E3D86 /* AdSupport.framework in Frameworks */,
				0475F8882051AA8E005E3D86 /* AudioToolbox.framework in Frameworks */,
				0475F8862051AA82005E3D86 /* CoreGraphics.framework in Frameworks */,
				0475F8842051AA78005E3D86 /* CoreTelephony.framework in Frameworks */,
				0475F8822051AA71005E3D86 /* CoreMedia.framework in Frameworks */,
				0475F8802051AA66005E3D86 /* MessageUI.framework in Frameworks */,
				0475F87E2051AA5C005E3D86 /* StoreKit.framework in Frameworks */,
				0475F87C2051AA48005E3D86 /* SystemConfiguration.framework in Frameworks */,
				0475F87A2051A9EB005E3D86 /* MobileCoreServices.framework in Frameworks */,
				CEBC922AC36538BA3AD761FD /* Pods_GoogleAdmob_Swift4.framework in Frameworks */,
			);
			runOnlyForDeploymentPostprocessing = 0;
		};
/* End PBXFrameworksBuildPhase section */

/* Begin PBXGroup section */
		0475F85B20519F9A005E3D86 = {
			isa = PBXGroup;
			children = (
				0475F86620519F9A005E3D86 /* GoogleAdmob-Swift4 */,
				0475F86520519F9A005E3D86 /* Products */,
				0FA6193E8E178458A518F0AA /* Pods */,
				39A0DED68DEC7233F177F05E /* Frameworks */,
			);
			sourceTree = "<group>";
		};
		0475F86520519F9A005E3D86 /* Products */ = {
			isa = PBXGroup;
			children = (
				0475F86420519F9A005E3D86 /* GoogleAdmob-Swift4.app */,
			);
			name = Products;
			sourceTree = "<group>";
		};
		0475F86620519F9A005E3D86 /* GoogleAdmob-Swift4 */ = {
			isa = PBXGroup;
			children = (
				0475F86720519F9A005E3D86 /* AppDelegate.swift */,
				0475F86920519F9A005E3D86 /* ViewController.swift */,
				0475F86B20519F9A005E3D86 /* Main.storyboard */,
				0475F86E20519F9A005E3D86 /* Assets.xcassets */,
				0475F87020519F9A005E3D86 /* LaunchScreen.storyboard */,
				0475F87320519F9A005E3D86 /* Info.plist */,
			);
			path = "GoogleAdmob-Swift4";
			sourceTree = "<group>";
		};
		0FA6193E8E178458A518F0AA /* Pods */ = {
			isa = PBXGroup;
			children = (
				A7B995C311705217E46E7956 /* Pods-GoogleAdmob-Swift4.debug.xcconfig */,
				9AA6C84C76FD0E9F2905FF27 /* Pods-GoogleAdmob-Swift4.release.xcconfig */,
			);
			name = Pods;
			sourceTree = "<group>";
		};
		39A0DED68DEC7233F177F05E /* Frameworks */ = {
			isa = PBXGroup;
			children = (
				0475F88D2051AAB1005E3D86 /* EventKit.framework */,
				0475F88E2051AAB1005E3D86 /* EventKitUI.framework */,
				0475F88B2051AAA6005E3D86 /* AVFoundation.framework */,
				0475F8892051AA9B005E3D86 /* AdSupport.framework */,
				0475F8872051AA8E005E3D86 /* AudioToolbox.framework */,
				0475F8852051AA82005E3D86 /* CoreGraphics.framework */,
				0475F8832051AA78005E3D86 /* CoreTelephony.framework */,
				0475F8812051AA71005E3D86 /* CoreMedia.framework */,
				0475F87F2051AA66005E3D86 /* MessageUI.framework */,
				0475F87D2051AA5C005E3D86 /* StoreKit.framework */,
				0475F87B2051AA48005E3D86 /* SystemConfiguration.framework */,
				0475F8792051A9EB005E3D86 /* MobileCoreServices.framework */,
				D7520EFE81C113FED16A0CBB /* Pods_GoogleAdmob_Swift4.framework */,
			);
			name = Frameworks;
			sourceTree = "<group>";
		};
/* End PBXGroup section */

/* Begin PBXNativeTarget section */
		0475F86320519F9A005E3D86 /* GoogleAdmob-Swift4 */ = {
			isa = PBXNativeTarget;
			buildConfigurationList = 0475F87620519F9A005E3D86 /* Build configuration list for PBXNativeTarget "GoogleAdmob-Swift4" */;
			buildPhases = (
				5DD4F58E64A2B14BDA2B8391 /* [CP] Check Pods Manifest.lock */,
				0475F86020519F9A005E3D86 /* Sources */,
				0475F86120519F9A005E3D86 /* Frameworks */,
				0475F86220519F9A005E3D86 /* Resources */,
				55F7C6815785D42DBC7A1288 /* [CP] Embed Pods Frameworks */,
				1A4327D4DE3E1A4A79EC5FDF /* [CP] Copy Pods Resources */,
			);
			buildRules = (
			);
			dependencies = (
			);
			name = "GoogleAdmob-Swift4";
			productName = "GoogleAdmob-Swift4";
			productReference = 0475F86420519F9A005E3D86 /* GoogleAdmob-Swift4.app */;
			productType = "com.apple.product-type.application";
		};
/* End PBXNativeTarget section */

/* Begin PBXProject section */
		0475F85C20519F9A005E3D86 /* Project object */ = {
			isa = PBXProject;
			attributes = {
				LastSwiftUpdateCheck = 0920;
				LastUpgradeCheck = 0920;
				ORGANIZATIONNAME = vishal;
				TargetAttributes = {
					0475F86320519F9A005E3D86 = {
						CreatedOnToolsVersion = 9.2;
						ProvisioningStyle = Manual;
					};
				};
			};
			buildConfigurationList = 0475F85F20519F9A005E3D86 /* Build configuration list for PBXProject "GoogleAdmob-Swift4" */;
			compatibilityVersion = "Xcode 8.0";
			developmentRegion = en;
			hasScannedForEncodings = 0;
			knownRegions = (
				en,
				Base,
			);
			mainGroup = 0475F85B20519F9A005E3D86;
			productRefGroup = 0475F86520519F9A005E3D86 /* Products */;
			projectDirPath = "";
			projectRoot = "";
			targets = (
				0475F86320519F9A005E3D86 /* GoogleAdmob-Swift4 */,
			);
		};
/* End PBXProject section */

/* Begin PBXResourcesBuildPhase section */
		0475F86220519F9A005E3D86 /* Resources */ = {
			isa = PBXResourcesBuildPhase;
			buildActionMask = 2147483647;
			files = (
				0475F87220519F9A005E3D86 /* LaunchScreen.storyboard in Resources */,
				0475F86F20519F9A005E3D86 /* Assets.xcassets in Resources */,
				0475F86D20519F9A005E3D86 /* Main.storyboard in Resources */,
			);
			runOnlyForDeploymentPostprocessing = 0;
		};
/* End PBXResourcesBuildPhase section */

/* Begin PBXShellScriptBuildPhase section */
		1A4327D4DE3E1A4A79EC5FDF /* [CP] Copy Pods Resources */ = {
			isa = PBXShellScriptBuildPhase;
			buildActionMask = 2147483647;
			files = (
			);
			inputPaths = (
			);
			name = "[CP] Copy Pods Resources";
			outputPaths = (
			);
			runOnlyForDeploymentPostprocessing = 0;
			shellPath = /bin/sh;
			shellScript = "\"${SRCROOT}/Pods/Target Support Files/Pods-GoogleAdmob-Swift4/Pods-GoogleAdmob-Swift4-resources.sh\"\n";
			showEnvVarsInLog = 0;
		};
		55F7C6815785D42DBC7A1288 /* [CP] Embed Pods Frameworks */ = {
			isa = PBXShellScriptBuildPhase;
			buildActionMask = 2147483647;
			files = (
			);
			inputPaths = (
				"${SRCROOT}/Pods/Target Support Files/Pods-GoogleAdmob-Swift4/Pods-GoogleAdmob-Swift4-frameworks.sh",
				"${PODS_ROOT}/GoogleAds-IMA-iOS-SDK/GoogleInteractiveMediaAds/GoogleInteractiveMediaAds.framework",
			);
			name = "[CP] Embed Pods Frameworks";
			outputPaths = (
				"${TARGET_BUILD_DIR}/${FRAMEWORKS_FOLDER_PATH}/GoogleInteractiveMediaAds.framework",
			);
			runOnlyForDeploymentPostprocessing = 0;
			shellPath = /bin/sh;
			shellScript = "\"${SRCROOT}/Pods/Target Support Files/Pods-GoogleAdmob-Swift4/Pods-GoogleAdmob-Swift4-frameworks.sh\"\n";
			showEnvVarsInLog = 0;
		};
		5DD4F58E64A2B14BDA2B8391 /* [CP] Check Pods Manifest.lock */ = {
			isa = PBXShellScriptBuildPhase;
			buildActionMask = 2147483647;
			files = (
			);
			inputPaths = (
				"${PODS_PODFILE_DIR_PATH}/Podfile.lock",
				"${PODS_ROOT}/Manifest.lock",
			);
			name = "[CP] Check Pods Manifest.lock";
			outputPaths = (
				"$(DERIVED_FILE_DIR)/Pods-GoogleAdmob-Swift4-checkManifestLockResult.txt",
			);
			runOnlyForDeploymentPostprocessing = 0;
			shellPath = /bin/sh;
			shellScript = "diff \"${PODS_PODFILE_DIR_PATH}/Podfile.lock\" \"${PODS_ROOT}/Manifest.lock\" > /dev/null\nif [ $? != 0 ] ; then\n    # print error to STDERR\n    echo \"error: The sandbox is not in sync with the Podfile.lock. Run 'pod install' or update your CocoaPods installation.\" >&2\n    exit 1\nfi\n# This output is used by Xcode 'outputs' to avoid re-running this script phase.\necho \"SUCCESS\" > \"${SCRIPT_OUTPUT_FILE_0}\"\n";
			showEnvVarsInLog = 0;
		};
/* End PBXShellScriptBuildPhase section */

/* Begin PBXSourcesBuildPhase section */
		0475F86020519F9A005E3D86 /* Sources */ = {
			isa = PBXSourcesBuildPhase;
			buildActionMask = 2147483647;
			files = (
				0475F86A20519F9A005E3D86 /* ViewController.swift in Sources */,
				0475F86820519F9A005E3D86 /* AppDelegate.swift in Sources */,
			);
			runOnlyForDeploymentPostprocessing = 0;
		};
/* End PBXSourcesBuildPhase section */

/* Begin PBXVariantGroup section */
		0475F86B20519F9A005E3D86 /* Main.storyboard */ = {
			isa = PBXVariantGroup;
			children = (
				0475F86C20519F9A005E3D86 /* Base */,
			);
			name = Main.storyboard;
			sourceTree = "<group>";
		};
		0475F87020519F9A005E3D86 /* LaunchScreen.storyboard */ = {
			isa = PBXVariantGroup;
			children = (
				0475F87120519F9A005E3D86 /* Base */,
			);
			name = LaunchScreen.storyboard;
			sourceTree = "<group>";
		};
/* End PBXVariantGroup section */

/* Begin XCBuildConfiguration section */
		0475F87420519F9A005E3D86 /* Debug */ = {
			isa = XCBuildConfiguration;
			buildSettings = {
				ALWAYS_SEARCH_USER_PATHS = NO;
				CLANG_ANALYZER_NONNULL = YES;
				CLANG_ANALYZER_NUMBER_OBJECT_CONVERSION = YES_AGGRESSIVE;
				CLANG_CXX_LANGUAGE_STANDARD = "gnu++14";
				CLANG_CXX_LIBRARY = "libc++";
				CLANG_ENABLE_MODULES = YES;
				CLANG_ENABLE_OBJC_ARC = YES;
				CLANG_WARN_BLOCK_CAPTURE_AUTORELEASING = YES;
				CLANG_WARN_BOOL_CONVERSION = YES;
				CLANG_WARN_COMMA = YES;
				CLANG_WARN_CONSTANT_CONVERSION = YES;
				CLANG_WARN_DIRECT_OBJC_ISA_USAGE = YES_ERROR;
				CLANG_WARN_DOCUMENTATION_COMMENTS = YES;
				CLANG_WARN_EMPTY_BODY = YES;
				CLANG_WARN_ENUM_CONVERSION = YES;
				CLANG_WARN_INFINITE_RECURSION = YES;
				CLANG_WARN_INT_CONVERSION = YES;
				CLANG_WARN_NON_LITERAL_NULL_CONVERSION = YES;
				CLANG_WARN_OBJC_LITERAL_CONVERSION = YES;
				CLANG_WARN_OBJC_ROOT_CLASS = YES_ERROR;
				CLANG_WARN_RANGE_LOOP_ANALYSIS = YES;
				CLANG_WARN_STRICT_PROTOTYPES = YES;
				CLANG_WARN_SUSPICIOUS_MOVE = YES;
				CLANG_WARN_UNGUARDED_AVAILABILITY = YES_AGGRESSIVE;
				CLANG_WARN_UNREACHABLE_CODE = YES;
				CLANG_WARN__DUPLICATE_METHOD_MATCH = YES;
				CODE_SIGN_IDENTITY = "iPhone Developer";
				COPY_PHASE_STRIP = NO;
				DEBUG_INFORMATION_FORMAT = dwarf;
				ENABLE_STRICT_OBJC_MSGSEND = YES;
				ENABLE_TESTABILITY = YES;
				GCC_C_LANGUAGE_STANDARD = gnu11;
				GCC_DYNAMIC_NO_PIC = NO;
				GCC_NO_COMMON_BLOCKS = YES;
				GCC_OPTIMIZATION_LEVEL = 0;
				GCC_PREPROCESSOR_DEFINITIONS = (
					"DEBUG=1",
					"$(inherited)",
				);
				GCC_WARN_64_TO_32_BIT_CONVERSION = YES;
				GCC_WARN_ABOUT_RETURN_TYPE = YES_ERROR;
				GCC_WARN_UNDECLARED_SELECTOR = YES;
				GCC_WARN_UNINITIALIZED_AUTOS = YES_AGGRESSIVE;
				GCC_WARN_UNUSED_FUNCTION = YES;
				GCC_WARN_UNUSED_VARIABLE = YES;
				IPHONEOS_DEPLOYMENT_TARGET = 11.2;
				MTL_ENABLE_DEBUG_INFO = YES;
				ONLY_ACTIVE_ARCH = YES;
				SDKROOT = iphoneos;
				SWIFT_ACTIVE_COMPILATION_CONDITIONS = DEBUG;
				SWIFT_OPTIMIZATION_LEVEL = "-Onone";
			};
			name = Debug;
		};
		0475F87520519F9A005E3D86 /* Release */ = {
			isa = XCBuildConfiguration;
			buildSettings = {
				ALWAYS_SEARCH_USER_PATHS = NO;
				CLANG_ANALYZER_NONNULL = YES;
				CLANG_ANALYZER_NUMBER_OBJECT_CONVERSION = YES_AGGRESSIVE;
				CLANG_CXX_LANGUAGE_STANDARD = "gnu++14";
				CLANG_CXX_LIBRARY = "libc++";
				CLANG_ENABLE_MODULES = YES;
				CLANG_ENABLE_OBJC_ARC = YES;
				CLANG_WARN_BLOCK_CAPTURE_AUTORELEASING = YES;
				CLANG_WARN_BOOL_CONVERSION = YES;
				CLANG_WARN_COMMA = YES;
				CLANG_WARN_CONSTANT_CONVERSION = YES;
				CLANG_WARN_DIRECT_OBJC_ISA_USAGE = YES_ERROR;
				CLANG_WARN_DOCUMENTATION_COMMENTS = YES;
				CLANG_WARN_EMPTY_BODY = YES;
				CLANG_WARN_ENUM_CONVERSION = YES;
				CLANG_WARN_INFINITE_RECURSION = YES;
				CLANG_WARN_INT_CONVERSION = YES;
				CLANG_WARN_NON_LITERAL_NULL_CONVERSION = YES;
				CLANG_WARN_OBJC_LITERAL_CONVERSION = YES;
				CLANG_WARN_OBJC_ROOT_CLASS = YES_ERROR;
				CLANG_WARN_RANGE_LOOP_ANALYSIS = YES;
				CLANG_WARN_STRICT_PROTOTYPES = YES;
				CLANG_WARN_SUSPICIOUS_MOVE = YES;
				CLANG_WARN_UNGUARDED_AVAILABILITY = YES_AGGRESSIVE;
				CLANG_WARN_UNREACHABLE_CODE = YES;
				CLANG_WARN__DUPLICATE_METHOD_MATCH = YES;
				CODE_SIGN_IDENTITY = "iPhone Developer";
				COPY_PHASE_STRIP = NO;
				DEBUG_INFORMATION_FORMAT = "dwarf-with-dsym";
				ENABLE_NS_ASSERTIONS = NO;
				ENABLE_STRICT_OBJC_MSGSEND = YES;
				GCC_C_LANGUAGE_STANDARD = gnu11;
				GCC_NO_COMMON_BLOCKS = YES;
				GCC_WARN_64_TO_32_BIT_CONVERSION = YES;
				GCC_WARN_ABOUT_RETURN_TYPE = YES_ERROR;
				GCC_WARN_UNDECLARED_SELECTOR = YES;
				GCC_WARN_UNINITIALIZED_AUTOS = YES_AGGRESSIVE;
				GCC_WARN_UNUSED_FUNCTION = YES;
				GCC_WARN_UNUSED_VARIABLE = YES;
				IPHONEOS_DEPLOYMENT_TARGET = 11.2;
				MTL_ENABLE_DEBUG_INFO = NO;
				SDKROOT = iphoneos;
				SWIFT_OPTIMIZATION_LEVEL = "-Owholemodule";
				VALIDATE_PRODUCT = YES;
			};
			name = Release;
		};
		0475F87720519F9A005E3D86 /* Debug */ = {
			isa = XCBuildConfiguration;
			baseConfigurationReference = A7B995C311705217E46E7956 /* Pods-GoogleAdmob-Swift4.debug.xcconfig */;
			buildSettings = {
				ASSETCATALOG_COMPILER_APPICON_NAME = AppIcon;
				CODE_SIGN_STYLE = Manual;
				DEVELOPMENT_TEAM = "";
				INFOPLIST_FILE = "GoogleAdmob-Swift4/Info.plist";
				LD_RUNPATH_SEARCH_PATHS = "$(inherited) @executable_path/Frameworks";
				PRODUCT_BUNDLE_IDENTIFIER = "com.GoogleAdmob-Swift4";
				PRODUCT_NAME = "$(TARGET_NAME)";
				PROVISIONING_PROFILE_SPECIFIER = "";
				SWIFT_VERSION = 4.0;
				TARGETED_DEVICE_FAMILY = "1,2";
			};
			name = Debug;
		};
		0475F87820519F9A005E3D86 /* Release */ = {
			isa = XCBuildConfiguration;
			baseConfigurationReference = 9AA6C84C76FD0E9F2905FF27 /* Pods-GoogleAdmob-Swift4.release.xcconfig */;
			buildSettings = {
				ASSETCATALOG_COMPILER_APPICON_NAME = AppIcon;
				CODE_SIGN_STYLE = Manual;
				DEVELOPMENT_TEAM = "";
				INFOPLIST_FILE = "GoogleAdmob-Swift4/Info.plist";
				LD_RUNPATH_SEARCH_PATHS = "$(inherited) @executable_path/Frameworks";
				PRODUCT_BUNDLE_IDENTIFIER = "com.GoogleAdmob-Swift4";
				PRODUCT_NAME = "$(TARGET_NAME)";
				PROVISIONING_PROFILE_SPECIFIER = "";
				SWIFT_VERSION = 4.0;
				TARGETED_DEVICE_FAMILY = "1,2";
			};
			name = Release;
		};
/* End XCBuildConfiguration section */

/* Begin XCConfigurationList section */
		0475F85F20519F9A005E3D86 /* Build configuration list for PBXProject "GoogleAdmob-Swift4" */ = {
			isa = XCConfigurationList;
			buildConfigurations = (
				0475F87420519F9A005E3D86 /* Debug */,
				0475F87520519F9A005E3D86 /* Release */,
			);
			defaultConfigurationIsVisible = 0;
			defaultConfigurationName = Release;
		};
		0475F87620519F9A005E3D86 /* Build configuration list for PBXNativeTarget "GoogleAdmob-Swift4" */ = {
			isa = XCConfigurationList;
			buildConfigurations = (
				0475F87720519F9A005E3D86 /* Debug */,
				0475F87820519F9A005E3D86 /* Release */,
			);
			defaultConfigurationIsVisible = 0;
			defaultConfigurationName = Release;
		};
/* End XCConfigurationList section */
	};
	rootObject = 0475F85C20519F9A005E3D86 /* Project object */;
}
